
Microsoft Visual Studio Solution File, Format Version 12.00
# Visual Studio Version 16
VisualStudioVersion = 16.0.30204.135
MinimumVisualStudioVersion = 10.0.40219.1
Project("{FAE04EC0-301F-11D3-BF4B-00C04F79EFBC}") = "CursoMobile.Api.Application", "CursoMobile.Api.Application\CursoMobile.Api.Application.csproj", "{4F1CE038-CA89-435E-9261-F197E0AEDD5A}"
EndProject
Project("{FAE04EC0-301F-11D3-BF4B-00C04F79EFBC}") = "CursoMobile.Api.Domain", "CursoMobile.Api.Domain\CursoMobile.Api.Domain.csproj", "{48C7D14C-29CC-490B-B533-47860A7CFBF5}"
EndProject
Project("{FAE04EC0-301F-11D3-BF4B-00C04F79EFBC}") = "CursoMobile.Api.Service", "CursoMobile.Api.Service\CursoMobile.Api.Service.csproj", "{87D8F708-B8AC-40E0-88AC-57DD9CAE3238}"
EndProject
Project("{FAE04EC0-301F-11D3-BF4B-00C04F79EFBC}") = "CursoMobile.Api.Infra.Data", "CursoMobile.Api.Infra.Data\CursoMobile.Api.Infra.Data.csproj", "{F3F7CED5-1223-4A27-B831-4637871F0F0B}"
EndProject
Project("{FAE04EC0-301F-11D3-BF4B-00C04F79EFBC}") = "CursoMobile.Api.Infra.CrossCutting", "CursoMobile.Api.Infra.CrossCutting\CursoMobile.Api.Infra.CrossCutting.csproj", "{DA43075A-CB40-4B3F-A245-05F4A87A411D}"
EndProject
Global
	GlobalSection(SolutionConfigurationPlatforms) = preSolution
		Debug|Any CPU = Debug|Any CPU
		Release|Any CPU = Release|Any CPU
	EndGlobalSection
	GlobalSection(ProjectConfigurationPlatforms) = postSolution
		{4F1CE038-CA89-435E-9261-F197E0AEDD5A}.Debug|Any CPU.ActiveCfg = Debug|Any CPU
		{4F1CE038-CA89-435E-9261-F197E0AEDD5A}.Debug|Any CPU.Build.0 = Debug|Any CPU
		{4F1CE038-CA89-435E-9261-F197E0AEDD5A}.Release|Any CPU.ActiveCfg = Release|Any CPU
		{4F1CE038-CA89-435E-9261-F197E0AEDD5A}.Release|Any CPU.Build.0 = Release|Any CPU
		{48C7D14C-29CC-490B-B533-47860A7CFBF5}.Debug|Any CPU.ActiveCfg = Debug|Any CPU
		{48C7D14C-29CC-490B-B533-47860A7CFBF5}.Debug|Any CPU.Build.0 = Debug|Any CPU
		{48C7D14C-29CC-490B-B533-47860A7CFBF5}.Release|Any CPU.ActiveCfg = Release|Any CPU
		{48C7D14C-29CC-490B-B533-47860A7CFBF5}.Release|Any CPU.Build.0 = Release|Any CPU
		{87D8F708-B8AC-40E0-88AC-57DD9CAE3238}.Debug|Any CPU.ActiveCfg = Debug|Any CPU
		{87D8F708-B8AC-40E0-88AC-57DD9CAE3238}.Debug|Any CPU.Build.0 = Debug|Any CPU
		{87D8F708-B8AC-40E0-88AC-57DD9CAE3238}.Release|Any CPU.ActiveCfg = Release|Any CPU
		{87D8F708-B8AC-40E0-88AC-57DD9CAE3238}.Release|Any CPU.Build.0 = Release|Any CPU
		{F3F7CED5-1223-4A27-B831-4637871F0F0B}.Debug|Any CPU.ActiveCfg = Debug|Any CPU
		{F3F7CED5-1223-4A27-B831-4637871F0F0B}.Debug|Any CPU.Build.0 = Debug|Any CPU
		{F3F7CED5-1223-4A27-B831-4637871F0F0B}.Release|Any CPU.ActiveCfg = Release|Any CPU
		{F3F7CED5-1223-4A27-B831-4637871F0F0B}.Release|Any CPU.Build.0 = Release|Any CPU
		{DA43075A-CB40-4B3F-A245-05F4A87A411D}.Debug|Any CPU.ActiveCfg = Debug|Any CPU
		{DA43075A-CB40-4B3F-A245-05F4A87A411D}.Debug|Any CPU.Build.0 = Debug|Any CPU
		{DA43075A-CB40-4B3F-A245-05F4A87A411D}.Release|Any CPU.ActiveCfg = Release|Any CPU
		{DA43075A-CB40-4B3F-A245-05F4A87A411D}.Release|Any CPU.Build.0 = Release|Any CPU
	EndGlobalSection
	GlobalSection(SolutionProperties) = preSolution
		HideSolutionNode = FALSE
	EndGlobalSection
	GlobalSection(ExtensibilityGlobals) = postSolution
		SolutionGuid = {C98A1087-CE46-45DB-A497-9B899DC9DBB4}
	EndGlobalSection
EndGlobal
